
Microsoft Visual Studio Solution File, Format Version 12.00
# Visual Studio Version 17
VisualStudioVersion = 17.10.35013.160
MinimumVisualStudioVersion = 10.0.40219.1
Project("{FAE04EC0-301F-11D3-BF4B-00C04F79EFBC}") = "Operators reload", "Operators reload.csproj", "{EE167BAC-26BD-4238-A32D-FE285ECD5C17}"
EndProject
Global
	GlobalSection(SolutionConfigurationPlatforms) = preSolution
		Debug|Any CPU = Debug|Any CPU
		Release|Any CPU = Release|Any CPU
	EndGlobalSection
	GlobalSection(ProjectConfigurationPlatforms) = postSolution
		{EE167BAC-26BD-4238-A32D-FE285ECD5C17}.Debug|Any CPU.ActiveCfg = Debug|Any CPU
		{EE167BAC-26BD-4238-A32D-FE285ECD5C17}.Debug|Any CPU.Build.0 = Debug|Any CPU
		{EE167BAC-26BD-4238-A32D-FE285ECD5C17}.Release|Any CPU.ActiveCfg = Release|Any CPU
		{EE167BAC-26BD-4238-A32D-FE285ECD5C17}.Release|Any CPU.Build.0 = Release|Any CPU
	EndGlobalSection
	GlobalSection(SolutionProperties) = preSolution
		HideSolutionNode = FALSE
	EndGlobalSection
	GlobalSection(ExtensibilityGlobals) = postSolution
		SolutionGuid = {33492368-8D30-4339-B128-6640452B61F5}
	EndGlobalSection
EndGlobal
